// !$*UTF8*$!
{
	archiveVersion = 1;
	classes = {
	};
	objectVersion = 47;
	objects = {

/* Begin PBXBuildFile section */
		070B18EA1D26EFAD005015E1 /* ViewControllers.swift in Sources */ = {isa = PBXBuildFile; fileRef = 070B18E91D26EFAD005015E1 /* ViewControllers.swift */; };
		070B18EC1D26EFF7005015E1 /* EditView.swift in Sources */ = {isa = PBXBuildFile; fileRef = 070B18EB1D26EFF7005015E1 /* EditView.swift */; };
		070B18EE1D26F016005015E1 /* UIFontX.swift in Sources */ = {isa = PBXBuildFile; fileRef = 070B18ED1D26F016005015E1 /* UIFontX.swift */; };
		0761A1A71D22DAED001FAF1C /* AppDelegate.swift in Sources */ = {isa = PBXBuildFile; fileRef = 0761A1A61D22DAED001FAF1C /* AppDelegate.swift */; };
		0761A1A91D22DAED001FAF1C /* Root.swift in Sources */ = {isa = PBXBuildFile; fileRef = 0761A1A81D22DAED001FAF1C /* Root.swift */; };
		0761A1AE1D22DAED001FAF1C /* Assets.xcassets in Resources */ = {isa = PBXBuildFile; fileRef = 0761A1AD1D22DAED001FAF1C /* Assets.xcassets */; };
		0786E3011D23224B000B2868 /* PureLayout.framework in Frameworks */ = {isa = PBXBuildFile; fileRef = 079D78FA1D232119007F6CAD /* PureLayout.framework */; };
		0786E3021D23224B000B2868 /* PureLayout.framework in Embed Frameworks */ = {isa = PBXBuildFile; fileRef = 079D78FA1D232119007F6CAD /* PureLayout.framework */; settings = {ATTRIBUTES = (CodeSignOnCopy, RemoveHeadersOnCopy, ); }; };
		0786E3031D232261000B2868 /* Localize_Swift.framework in Frameworks */ = {isa = PBXBuildFile; fileRef = 079D78F61D2320E8007F6CAD /* Localize_Swift.framework */; };
		0786E3041D232261000B2868 /* Localize_Swift.framework in Embed Frameworks */ = {isa = PBXBuildFile; fileRef = 079D78F61D2320E8007F6CAD /* Localize_Swift.framework */; settings = {ATTRIBUTES = (CodeSignOnCopy, RemoveHeadersOnCopy, ); }; };
		0786E3061D2326FE000B2868 /* HomeView.swift in Sources */ = {isa = PBXBuildFile; fileRef = 0786E3051D2326FE000B2868 /* HomeView.swift */; };
		07AA5C9E1D50FD6E007CF49E /* PreludeX.swift in Sources */ = {isa = PBXBuildFile; fileRef = 07AA5C9D1D50FD6E007CF49E /* PreludeX.swift */; };
		07AA5CDB1D526679007CF49E /* Fonts.swift in Sources */ = {isa = PBXBuildFile; fileRef = 07AA5CDA1D526679007CF49E /* Fonts.swift */; };
		07AA5CDD1D526881007CF49E /* Lato-Black.ttf in Resources */ = {isa = PBXBuildFile; fileRef = 07AA5CC81D52662A007CF49E /* Lato-Black.ttf */; };
		07AA5CDE1D526881007CF49E /* Lato-BlackItalic.ttf in Resources */ = {isa = PBXBuildFile; fileRef = 07AA5CC91D52662A007CF49E /* Lato-BlackItalic.ttf */; };
		07AA5CDF1D526881007CF49E /* Lato-Bold.ttf in Resources */ = {isa = PBXBuildFile; fileRef = 07AA5CCA1D52662A007CF49E /* Lato-Bold.ttf */; };
		07AA5CE01D526881007CF49E /* Lato-BoldItalic.ttf in Resources */ = {isa = PBXBuildFile; fileRef = 07AA5CCB1D52662A007CF49E /* Lato-BoldItalic.ttf */; };
		07AA5CE11D526881007CF49E /* Lato-Hairline.ttf in Resources */ = {isa = PBXBuildFile; fileRef = 07AA5CCC1D52662A007CF49E /* Lato-Hairline.ttf */; };
		07AA5CE21D526881007CF49E /* Lato-HairlineItalic.ttf in Resources */ = {isa = PBXBuildFile; fileRef = 07AA5CCD1D52662A007CF49E /* Lato-HairlineItalic.ttf */; };
		07AA5CE31D526881007CF49E /* Lato-Heavy.ttf in Resources */ = {isa = PBXBuildFile; fileRef = 07AA5CCE1D52662A007CF49E /* Lato-Heavy.ttf */; };
		07AA5CE41D526881007CF49E /* Lato-HeavyItalic.ttf in Resources */ = {isa = PBXBuildFile; fileRef = 07AA5CCF1D52662A007CF49E /* Lato-HeavyItalic.ttf */; };
		07AA5CE51D526881007CF49E /* Lato-Italic.ttf in Resources */ = {isa = PBXBuildFile; fileRef = 07AA5CD01D52662A007CF49E /* Lato-Italic.ttf */; };
		07AA5CE61D526881007CF49E /* Lato-Light.ttf in Resources */ = {isa = PBXBuildFile; fileRef = 07AA5CD11D52662A007CF49E /* Lato-Light.ttf */; };
		07AA5CE71D526881007CF49E /* Lato-LightItalic.ttf in Resources */ = {isa = PBXBuildFile; fileRef = 07AA5CD21D52662A007CF49E /* Lato-LightItalic.ttf */; };
		07AA5CE81D526881007CF49E /* Lato-Medium.ttf in Resources */ = {isa = PBXBuildFile; fileRef = 07AA5CD31D52662A007CF49E /* Lato-Medium.ttf */; };
		07AA5CE91D526881007CF49E /* Lato-MediumItalic.ttf in Resources */ = {isa = PBXBuildFile; fileRef = 07AA5CD41D52662A007CF49E /* Lato-MediumItalic.ttf */; };
		07AA5CEA1D526881007CF49E /* Phosphate.ttc in Resources */ = {isa = PBXBuildFile; fileRef = 07AA5CDC1D5267B0007CF49E /* Phosphate.ttc */; };
		07AA5CEB1D526881007CF49E /* Lato-Regular.ttf in Resources */ = {isa = PBXBuildFile; fileRef = 07AA5CD51D52662A007CF49E /* Lato-Regular.ttf */; };
		07AA5CEC1D526881007CF49E /* Lato-Semibold.ttf in Resources */ = {isa = PBXBuildFile; fileRef = 07AA5CD61D52662A007CF49E /* Lato-Semibold.ttf */; };
		07AA5CED1D526881007CF49E /* Lato-SemiboldItalic.ttf in Resources */ = {isa = PBXBuildFile; fileRef = 07AA5CD71D52662A007CF49E /* Lato-SemiboldItalic.ttf */; };
		07AA5CEE1D526881007CF49E /* Lato-Thin.ttf in Resources */ = {isa = PBXBuildFile; fileRef = 07AA5CD81D52662A007CF49E /* Lato-Thin.ttf */; };
		07AA5CEF1D526881007CF49E /* Lato-ThinItalic.ttf in Resources */ = {isa = PBXBuildFile; fileRef = 07AA5CD91D52662A007CF49E /* Lato-ThinItalic.ttf */; };
		07D350B31D258A9000624FC9 /* Facts.swift in Sources */ = {isa = PBXBuildFile; fileRef = 07D350B21D258A9000624FC9 /* Facts.swift */; };
		07D350B41D258D9900624FC9 /* SQLite.framework in Frameworks */ = {isa = PBXBuildFile; fileRef = 07D350B01D258A7600624FC9 /* SQLite.framework */; };
		07D350B51D258D9900624FC9 /* SQLite.framework in Embed Frameworks */ = {isa = PBXBuildFile; fileRef = 07D350B01D258A7600624FC9 /* SQLite.framework */; settings = {ATTRIBUTES = (CodeSignOnCopy, RemoveHeadersOnCopy, ); }; };
		07DB720C1D22DC3200598823 /* ReactiveCocoa.framework in Frameworks */ = {isa = PBXBuildFile; fileRef = 07DB720A1D22DC3200598823 /* ReactiveCocoa.framework */; };
		07DB720D1D22DC3200598823 /* Result.framework in Frameworks */ = {isa = PBXBuildFile; fileRef = 07DB720B1D22DC3200598823 /* Result.framework */; };
		07DB72121D22E32800598823 /* LaunchScreen.storyboard in Resources */ = {isa = PBXBuildFile; fileRef = 07DB72111D22E32800598823 /* LaunchScreen.storyboard */; };
		07DB721A1D2301C900598823 /* HockeySDK.framework in Frameworks */ = {isa = PBXBuildFile; fileRef = 07DB72191D2301C900598823 /* HockeySDK.framework */; };
		07DB721E1D230EC600598823 /* HomeLayoutView.swift in Sources */ = {isa = PBXBuildFile; fileRef = 07DB721D1D230EC600598823 /* HomeLayoutView.swift */; };
		07DB72201D230F9F00598823 /* Utils.swift in Sources */ = {isa = PBXBuildFile; fileRef = 07DB721F1D230F9F00598823 /* Utils.swift */; };
		07DB72271D23159200598823 /* UIViewX.swift in Sources */ = {isa = PBXBuildFile; fileRef = 07DB72261D23159200598823 /* UIViewX.swift */; };
		07DB72291D231A7000598823 /* ChunkyButton.swift in Sources */ = {isa = PBXBuildFile; fileRef = 07DB72281D231A7000598823 /* ChunkyButton.swift */; };
		07DB722B1D231B2900598823 /* Colors.swift in Sources */ = {isa = PBXBuildFile; fileRef = 07DB722A1D231B2900598823 /* Colors.swift */; };
/* End PBXBuildFile section */

/* Begin PBXCopyFilesBuildPhase section */
		07DB72251D2313D700598823 /* Embed Frameworks */ = {
			isa = PBXCopyFilesBuildPhase;
			buildActionMask = 2147483647;
			dstPath = "";
			dstSubfolderSpec = 10;
			files = (
				0786E3021D23224B000B2868 /* PureLayout.framework in Embed Frameworks */,
				0786E3041D232261000B2868 /* Localize_Swift.framework in Embed Frameworks */,
				07D350B51D258D9900624FC9 /* SQLite.framework in Embed Frameworks */,
			);
			name = "Embed Frameworks";
			runOnlyForDeploymentPostprocessing = 0;
		};
/* End PBXCopyFilesBuildPhase section */

/* Begin PBXFileReference section */
		070B18E91D26EFAD005015E1 /* ViewControllers.swift */ = {isa = PBXFileReference; fileEncoding = 4; lastKnownFileType = sourcecode.swift; path = ViewControllers.swift; sourceTree = "<group>"; };
		070B18EB1D26EFF7005015E1 /* EditView.swift */ = {isa = PBXFileReference; fileEncoding = 4; lastKnownFileType = sourcecode.swift; path = EditView.swift; sourceTree = "<group>"; };
		070B18ED1D26F016005015E1 /* UIFontX.swift */ = {isa = PBXFileReference; fileEncoding = 4; lastKnownFileType = sourcecode.swift; path = UIFontX.swift; sourceTree = "<group>"; };
		0761A1A31D22DAED001FAF1C /* ThreeThings.app */ = {isa = PBXFileReference; explicitFileType = wrapper.application; includeInIndex = 0; path = ThreeThings.app; sourceTree = BUILT_PRODUCTS_DIR; };
		0761A1A61D22DAED001FAF1C /* AppDelegate.swift */ = {isa = PBXFileReference; lastKnownFileType = sourcecode.swift; path = AppDelegate.swift; sourceTree = "<group>"; };
		0761A1A81D22DAED001FAF1C /* Root.swift */ = {isa = PBXFileReference; lastKnownFileType = sourcecode.swift; path = Root.swift; sourceTree = "<group>"; };
		0761A1AD1D22DAED001FAF1C /* Assets.xcassets */ = {isa = PBXFileReference; lastKnownFileType = folder.assetcatalog; path = Assets.xcassets; sourceTree = "<group>"; };
		0761A1B21D22DAED001FAF1C /* Info.plist */ = {isa = PBXFileReference; lastKnownFileType = text.plist.xml; path = Info.plist; sourceTree = "<group>"; };
		0786E3051D2326FE000B2868 /* HomeView.swift */ = {isa = PBXFileReference; fileEncoding = 4; lastKnownFileType = sourcecode.swift; path = HomeView.swift; sourceTree = "<group>"; };
		079D78F61D2320E8007F6CAD /* Localize_Swift.framework */ = {isa = PBXFileReference; lastKnownFileType = wrapper.framework; name = Localize_Swift.framework; path = Carthage/Build/iOS/Localize_Swift.framework; sourceTree = "<group>"; };
		079D78FA1D232119007F6CAD /* PureLayout.framework */ = {isa = PBXFileReference; lastKnownFileType = wrapper.framework; name = PureLayout.framework; path = Carthage/Build/iOS/PureLayout.framework; sourceTree = "<group>"; };
		07AA5C9D1D50FD6E007CF49E /* PreludeX.swift */ = {isa = PBXFileReference; fileEncoding = 4; lastKnownFileType = sourcecode.swift; path = PreludeX.swift; sourceTree = "<group>"; };
		07AA5CC81D52662A007CF49E /* Lato-Black.ttf */ = {isa = PBXFileReference; lastKnownFileType = file; name = "Lato-Black.ttf"; path = "Lato/Lato-Black.ttf"; sourceTree = "<group>"; };
		07AA5CC91D52662A007CF49E /* Lato-BlackItalic.ttf */ = {isa = PBXFileReference; lastKnownFileType = file; name = "Lato-BlackItalic.ttf"; path = "Lato/Lato-BlackItalic.ttf"; sourceTree = "<group>"; };
		07AA5CCA1D52662A007CF49E /* Lato-Bold.ttf */ = {isa = PBXFileReference; lastKnownFileType = file; name = "Lato-Bold.ttf"; path = "Lato/Lato-Bold.ttf"; sourceTree = "<group>"; };
		07AA5CCB1D52662A007CF49E /* Lato-BoldItalic.ttf */ = {isa = PBXFileReference; lastKnownFileType = file; name = "Lato-BoldItalic.ttf"; path = "Lato/Lato-BoldItalic.ttf"; sourceTree = "<group>"; };
		07AA5CCC1D52662A007CF49E /* Lato-Hairline.ttf */ = {isa = PBXFileReference; lastKnownFileType = file; name = "Lato-Hairline.ttf"; path = "Lato/Lato-Hairline.ttf"; sourceTree = "<group>"; };
		07AA5CCD1D52662A007CF49E /* Lato-HairlineItalic.ttf */ = {isa = PBXFileReference; lastKnownFileType = file; name = "Lato-HairlineItalic.ttf"; path = "Lato/Lato-HairlineItalic.ttf"; sourceTree = "<group>"; };
		07AA5CCE1D52662A007CF49E /* Lato-Heavy.ttf */ = {isa = PBXFileReference; lastKnownFileType = file; name = "Lato-Heavy.ttf"; path = "Lato/Lato-Heavy.ttf"; sourceTree = "<group>"; };
		07AA5CCF1D52662A007CF49E /* Lato-HeavyItalic.ttf */ = {isa = PBXFileReference; lastKnownFileType = file; name = "Lato-HeavyItalic.ttf"; path = "Lato/Lato-HeavyItalic.ttf"; sourceTree = "<group>"; };
		07AA5CD01D52662A007CF49E /* Lato-Italic.ttf */ = {isa = PBXFileReference; lastKnownFileType = file; name = "Lato-Italic.ttf"; path = "Lato/Lato-Italic.ttf"; sourceTree = "<group>"; };
		07AA5CD11D52662A007CF49E /* Lato-Light.ttf */ = {isa = PBXFileReference; lastKnownFileType = file; name = "Lato-Light.ttf"; path = "Lato/Lato-Light.ttf"; sourceTree = "<group>"; };
		07AA5CD21D52662A007CF49E /* Lato-LightItalic.ttf */ = {isa = PBXFileReference; lastKnownFileType = file; name = "Lato-LightItalic.ttf"; path = "Lato/Lato-LightItalic.ttf"; sourceTree = "<group>"; };
		07AA5CD31D52662A007CF49E /* Lato-Medium.ttf */ = {isa = PBXFileReference; lastKnownFileType = file; name = "Lato-Medium.ttf"; path = "Lato/Lato-Medium.ttf"; sourceTree = "<group>"; };
		07AA5CD41D52662A007CF49E /* Lato-MediumItalic.ttf */ = {isa = PBXFileReference; lastKnownFileType = file; name = "Lato-MediumItalic.ttf"; path = "Lato/Lato-MediumItalic.ttf"; sourceTree = "<group>"; };
		07AA5CD51D52662A007CF49E /* Lato-Regular.ttf */ = {isa = PBXFileReference; lastKnownFileType = file; name = "Lato-Regular.ttf"; path = "Lato/Lato-Regular.ttf"; sourceTree = "<group>"; };
		07AA5CD61D52662A007CF49E /* Lato-Semibold.ttf */ = {isa = PBXFileReference; lastKnownFileType = file; name = "Lato-Semibold.ttf"; path = "Lato/Lato-Semibold.ttf"; sourceTree = "<group>"; };
		07AA5CD71D52662A007CF49E /* Lato-SemiboldItalic.ttf */ = {isa = PBXFileReference; lastKnownFileType = file; name = "Lato-SemiboldItalic.ttf"; path = "Lato/Lato-SemiboldItalic.ttf"; sourceTree = "<group>"; };
		07AA5CD81D52662A007CF49E /* Lato-Thin.ttf */ = {isa = PBXFileReference; lastKnownFileType = file; name = "Lato-Thin.ttf"; path = "Lato/Lato-Thin.ttf"; sourceTree = "<group>"; };
		07AA5CD91D52662A007CF49E /* Lato-ThinItalic.ttf */ = {isa = PBXFileReference; lastKnownFileType = file; name = "Lato-ThinItalic.ttf"; path = "Lato/Lato-ThinItalic.ttf"; sourceTree = "<group>"; };
		07AA5CDA1D526679007CF49E /* Fonts.swift */ = {isa = PBXFileReference; fileEncoding = 4; lastKnownFileType = sourcecode.swift; path = Fonts.swift; sourceTree = "<group>"; };
		07AA5CDC1D5267B0007CF49E /* Phosphate.ttc */ = {isa = PBXFileReference; lastKnownFileType = file; name = Phosphate.ttc; path = Phosphate/Phosphate.ttc; sourceTree = "<group>"; };
		07D350B01D258A7600624FC9 /* SQLite.framework */ = {isa = PBXFileReference; lastKnownFileType = wrapper.framework; name = SQLite.framework; path = Carthage/Build/iOS/SQLite.framework; sourceTree = "<group>"; };
		07D350B21D258A9000624FC9 /* Facts.swift */ = {isa = PBXFileReference; fileEncoding = 4; lastKnownFileType = sourcecode.swift; path = Facts.swift; sourceTree = "<group>"; };
		07DB720A1D22DC3200598823 /* ReactiveCocoa.framework */ = {isa = PBXFileReference; lastKnownFileType = wrapper.framework; name = ReactiveCocoa.framework; path = Carthage/Build/iOS/ReactiveCocoa.framework; sourceTree = "<group>"; };
		07DB720B1D22DC3200598823 /* Result.framework */ = {isa = PBXFileReference; lastKnownFileType = wrapper.framework; name = Result.framework; path = Carthage/Build/iOS/Result.framework; sourceTree = "<group>"; };
		07DB72111D22E32800598823 /* LaunchScreen.storyboard */ = {isa = PBXFileReference; fileEncoding = 4; lastKnownFileType = file.storyboard; path = LaunchScreen.storyboard; sourceTree = "<group>"; };
		07DB72191D2301C900598823 /* HockeySDK.framework */ = {isa = PBXFileReference; lastKnownFileType = wrapper.framework; name = HockeySDK.framework; path = "Vendor/HockeySDK-iOS/HockeySDK.embeddedframework/HockeySDK.framework"; sourceTree = "<group>"; };
		07DB721B1D2301DA00598823 /* HockeySDKResources.bundle */ = {isa = PBXFileReference; lastKnownFileType = "wrapper.plug-in"; name = HockeySDKResources.bundle; path = "Vendor/HockeySDK-iOS/HockeySDK.embeddedframework/Resources/HockeySDKResources.bundle"; sourceTree = "<group>"; };
		07DB721D1D230EC600598823 /* HomeLayoutView.swift */ = {isa = PBXFileReference; fileEncoding = 4; lastKnownFileType = sourcecode.swift; path = HomeLayoutView.swift; sourceTree = "<group>"; };
		07DB721F1D230F9F00598823 /* Utils.swift */ = {isa = PBXFileReference; fileEncoding = 4; lastKnownFileType = sourcecode.swift; path = Utils.swift; sourceTree = "<group>"; };
		07DB72261D23159200598823 /* UIViewX.swift */ = {isa = PBXFileReference; fileEncoding = 4; lastKnownFileType = sourcecode.swift; path = UIViewX.swift; sourceTree = "<group>"; };
		07DB72281D231A7000598823 /* ChunkyButton.swift */ = {isa = PBXFileReference; fileEncoding = 4; lastKnownFileType = sourcecode.swift; path = ChunkyButton.swift; sourceTree = "<group>"; };
		07DB722A1D231B2900598823 /* Colors.swift */ = {isa = PBXFileReference; fileEncoding = 4; lastKnownFileType = sourcecode.swift; path = Colors.swift; sourceTree = "<group>"; };
		07DB72311D231E9F00598823 /* Bridge.h */ = {isa = PBXFileReference; lastKnownFileType = sourcecode.c.h; path = Bridge.h; sourceTree = "<group>"; };
/* End PBXFileReference section */

/* Begin PBXFrameworksBuildPhase section */
		0761A1A01D22DAED001FAF1C /* Frameworks */ = {
			isa = PBXFrameworksBuildPhase;
			buildActionMask = 2147483647;
			files = (
				07D350B41D258D9900624FC9 /* SQLite.framework in Frameworks */,
				0786E3031D232261000B2868 /* Localize_Swift.framework in Frameworks */,
				07DB720C1D22DC3200598823 /* ReactiveCocoa.framework in Frameworks */,
				07DB721A1D2301C900598823 /* HockeySDK.framework in Frameworks */,
				07DB720D1D22DC3200598823 /* Result.framework in Frameworks */,
				0786E3011D23224B000B2868 /* PureLayout.framework in Frameworks */,
			);
			runOnlyForDeploymentPostprocessing = 0;
		};
/* End PBXFrameworksBuildPhase section */

/* Begin PBXGroup section */
		070B18EF1D26F024005015E1 /* Extensions */ = {
			isa = PBXGroup;
			children = (
				07DB72261D23159200598823 /* UIViewX.swift */,
				070B18ED1D26F016005015E1 /* UIFontX.swift */,
				07AA5C9D1D50FD6E007CF49E /* PreludeX.swift */,
			);
			name = Extensions;
			sourceTree = "<group>";
		};
		0761A19A1D22DAED001FAF1C = {
			isa = PBXGroup;
			children = (
				07AA5C9F1D5257D2007CF49E /* Fonts */,
				07DB722E1D231E7C00598823 /* Vendor */,
				0761A1A51D22DAED001FAF1C /* ThreeThings */,
				0761A1A41D22DAED001FAF1C /* Products */,
			);
			sourceTree = "<group>";
		};
		0761A1A41D22DAED001FAF1C /* Products */ = {
			isa = PBXGroup;
			children = (
				0761A1A31D22DAED001FAF1C /* ThreeThings.app */,
			);
			name = Products;
			sourceTree = "<group>";
		};
		0761A1A51D22DAED001FAF1C /* ThreeThings */ = {
			isa = PBXGroup;
			children = (
				070B18EF1D26F024005015E1 /* Extensions */,
				0761A1A61D22DAED001FAF1C /* AppDelegate.swift */,
				0761A1A81D22DAED001FAF1C /* Root.swift */,
				0761A1AD1D22DAED001FAF1C /* Assets.xcassets */,
				0761A1B21D22DAED001FAF1C /* Info.plist */,
				07DB72111D22E32800598823 /* LaunchScreen.storyboard */,
				07DB721D1D230EC600598823 /* HomeLayoutView.swift */,
				07DB721F1D230F9F00598823 /* Utils.swift */,
				07DB72281D231A7000598823 /* ChunkyButton.swift */,
				07DB722A1D231B2900598823 /* Colors.swift */,
				07DB72311D231E9F00598823 /* Bridge.h */,
				0786E3051D2326FE000B2868 /* HomeView.swift */,
				07D350B21D258A9000624FC9 /* Facts.swift */,
				070B18E91D26EFAD005015E1 /* ViewControllers.swift */,
				070B18EB1D26EFF7005015E1 /* EditView.swift */,
				07AA5CDA1D526679007CF49E /* Fonts.swift */,
			);
			path = ThreeThings;
			sourceTree = "<group>";
		};
		07AA5C9F1D5257D2007CF49E /* Fonts */ = {
			isa = PBXGroup;
			children = (
				07AA5CC81D52662A007CF49E /* Lato-Black.ttf */,
				07AA5CC91D52662A007CF49E /* Lato-BlackItalic.ttf */,
				07AA5CCA1D52662A007CF49E /* Lato-Bold.ttf */,
				07AA5CCB1D52662A007CF49E /* Lato-BoldItalic.ttf */,
				07AA5CCC1D52662A007CF49E /* Lato-Hairline.ttf */,
				07AA5CCD1D52662A007CF49E /* Lato-HairlineItalic.ttf */,
				07AA5CCE1D52662A007CF49E /* Lato-Heavy.ttf */,
				07AA5CCF1D52662A007CF49E /* Lato-HeavyItalic.ttf */,
				07AA5CD01D52662A007CF49E /* Lato-Italic.ttf */,
				07AA5CD11D52662A007CF49E /* Lato-Light.ttf */,
				07AA5CD21D52662A007CF49E /* Lato-LightItalic.ttf */,
				07AA5CD31D52662A007CF49E /* Lato-Medium.ttf */,
				07AA5CD41D52662A007CF49E /* Lato-MediumItalic.ttf */,
				07AA5CDC1D5267B0007CF49E /* Phosphate.ttc */,
				07AA5CD51D52662A007CF49E /* Lato-Regular.ttf */,
				07AA5CD61D52662A007CF49E /* Lato-Semibold.ttf */,
				07AA5CD71D52662A007CF49E /* Lato-SemiboldItalic.ttf */,
				07AA5CD81D52662A007CF49E /* Lato-Thin.ttf */,
				07AA5CD91D52662A007CF49E /* Lato-ThinItalic.ttf */,
			);
			name = Fonts;
			sourceTree = "<group>";
		};
		07DB722E1D231E7C00598823 /* Vendor */ = {
			isa = PBXGroup;
			children = (
				07D350B01D258A7600624FC9 /* SQLite.framework */,
				079D78FA1D232119007F6CAD /* PureLayout.framework */,
				079D78F61D2320E8007F6CAD /* Localize_Swift.framework */,
				07DB721B1D2301DA00598823 /* HockeySDKResources.bundle */,
				07DB72191D2301C900598823 /* HockeySDK.framework */,
				07DB720A1D22DC3200598823 /* ReactiveCocoa.framework */,
				07DB720B1D22DC3200598823 /* Result.framework */,
			);
			name = Vendor;
			sourceTree = "<group>";
		};
/* End PBXGroup section */

/* Begin PBXNativeTarget section */
		0761A1A21D22DAED001FAF1C /* ThreeThings */ = {
			isa = PBXNativeTarget;
			buildConfigurationList = 0761A1B51D22DAED001FAF1C /* Build configuration list for PBXNativeTarget "ThreeThings" */;
			buildPhases = (
				0761A19F1D22DAED001FAF1C /* Sources */,
				0761A1A01D22DAED001FAF1C /* Frameworks */,
				0761A1A11D22DAED001FAF1C /* Resources */,
				07DB72251D2313D700598823 /* Embed Frameworks */,
				07DB720E1D22DC4500598823 /* ShellScript */,
				070B18E61D25B88C005015E1 /* ShellScript */,
			);
			buildRules = (
			);
			dependencies = (
			);
			name = ThreeThings;
			productName = ThreeThings;
			productReference = 0761A1A31D22DAED001FAF1C /* ThreeThings.app */;
			productType = "com.apple.product-type.application";
		};
/* End PBXNativeTarget section */

/* Begin PBXProject section */
		0761A19B1D22DAED001FAF1C /* Project object */ = {
			isa = PBXProject;
			attributes = {
				CLASSPREFIX = "";
				LastSwiftUpdateCheck = 0730;
				LastUpgradeCheck = 0730;
				ORGANIZATIONNAME = ThreeThings;
				TargetAttributes = {
					0761A1A21D22DAED001FAF1C = {
						CreatedOnToolsVersion = 7.3.1;
						DevelopmentTeam = Z4L59FC4GF;
					};
				};
			};
			buildConfigurationList = 0761A19E1D22DAED001FAF1C /* Build configuration list for PBXProject "ThreeThings" */;
			compatibilityVersion = "Xcode 6.3";
			developmentRegion = English;
			hasScannedForEncodings = 0;
			knownRegions = (
				en,
				Base,
			);
			mainGroup = 0761A19A1D22DAED001FAF1C;
			productRefGroup = 0761A1A41D22DAED001FAF1C /* Products */;
			projectDirPath = "";
			projectRoot = "";
			targets = (
				0761A1A21D22DAED001FAF1C /* ThreeThings */,
			);
		};
/* End PBXProject section */

/* Begin PBXResourcesBuildPhase section */
		0761A1A11D22DAED001FAF1C /* Resources */ = {
			isa = PBXResourcesBuildPhase;
			buildActionMask = 2147483647;
			files = (
				07AA5CDD1D526881007CF49E /* Lato-Black.ttf in Resources */,
				07AA5CDE1D526881007CF49E /* Lato-BlackItalic.ttf in Resources */,
				07AA5CDF1D526881007CF49E /* Lato-Bold.ttf in Resources */,
				07AA5CE01D526881007CF49E /* Lato-BoldItalic.ttf in Resources */,
				07AA5CE11D526881007CF49E /* Lato-Hairline.ttf in Resources */,
				07AA5CE21D526881007CF49E /* Lato-HairlineItalic.ttf in Resources */,
				07AA5CE31D526881007CF49E /* Lato-Heavy.ttf in Resources */,
				07AA5CE41D526881007CF49E /* Lato-HeavyItalic.ttf in Resources */,
				07AA5CE51D526881007CF49E /* Lato-Italic.ttf in Resources */,
				07AA5CE61D526881007CF49E /* Lato-Light.ttf in Resources */,
				07AA5CE71D526881007CF49E /* Lato-LightItalic.ttf in Resources */,
				07AA5CE81D526881007CF49E /* Lato-Medium.ttf in Resources */,
				07AA5CE91D526881007CF49E /* Lato-MediumItalic.ttf in Resources */,
				07AA5CEA1D526881007CF49E /* Phosphate.ttc in Resources */,
				07AA5CEB1D526881007CF49E /* Lato-Regular.ttf in Resources */,
				07AA5CEC1D526881007CF49E /* Lato-Semibold.ttf in Resources */,
				07AA5CED1D526881007CF49E /* Lato-SemiboldItalic.ttf in Resources */,
				07AA5CEE1D526881007CF49E /* Lato-Thin.ttf in Resources */,
				07AA5CEF1D526881007CF49E /* Lato-ThinItalic.ttf in Resources */,
				0761A1AE1D22DAED001FAF1C /* Assets.xcassets in Resources */,
				07DB72121D22E32800598823 /* LaunchScreen.storyboard in Resources */,
			);
			runOnlyForDeploymentPostprocessing = 0;
		};
/* End PBXResourcesBuildPhase section */

/* Begin PBXShellScriptBuildPhase section */
		070B18E61D25B88C005015E1 /* ShellScript */ = {
			isa = PBXShellScriptBuildPhase;
			buildActionMask = 2147483647;
			files = (
			);
			inputPaths = (
			);
			outputPaths = (
			);
			runOnlyForDeploymentPostprocessing = 0;
			shellPath = /bin/sh;
			shellScript = "set -eux\nzsh -c \"$SRCROOT/bin/strip.sh\"";
		};
		07DB720E1D22DC4500598823 /* ShellScript */ = {
			isa = PBXShellScriptBuildPhase;
			buildActionMask = 2147483647;
			files = (
			);
			inputPaths = (
				"$(SRCROOT)/Carthage/Build/iOS/Result.framework",
				"$(SRCROOT)/Carthage/Build/iOS/ReactiveCocoa.framework",
				"$(SRCROOT)/Carthage/Build/iOS/SQLite.framework",
				"$(SRCROOT)/Carthage/Build/iOS/Localize_Swift.framework",
				"$(SRCROOT)/Carthage/Build/iOS/PureLayout.framework",
			);
			outputPaths = (
			);
			runOnlyForDeploymentPostprocessing = 0;
			shellPath = /bin/zsh;
			shellScript = "set -eux\n/usr/local/bin/carthage copy-frameworks";
			showEnvVarsInLog = 0;
		};
/* End PBXShellScriptBuildPhase section */

/* Begin PBXSourcesBuildPhase section */
		0761A19F1D22DAED001FAF1C /* Sources */ = {
			isa = PBXSourcesBuildPhase;
			buildActionMask = 2147483647;
			files = (
				07AA5CDB1D526679007CF49E /* Fonts.swift in Sources */,
				0761A1A91D22DAED001FAF1C /* Root.swift in Sources */,
				070B18EE1D26F016005015E1 /* UIFontX.swift in Sources */,
				07AA5C9E1D50FD6E007CF49E /* PreludeX.swift in Sources */,
				07DB72271D23159200598823 /* UIViewX.swift in Sources */,
				070B18EC1D26EFF7005015E1 /* EditView.swift in Sources */,
				070B18EA1D26EFAD005015E1 /* ViewControllers.swift in Sources */,
				07DB721E1D230EC600598823 /* HomeLayoutView.swift in Sources */,
				07DB722B1D231B2900598823 /* Colors.swift in Sources */,
				07D350B31D258A9000624FC9 /* Facts.swift in Sources */,
				0761A1A71D22DAED001FAF1C /* AppDelegate.swift in Sources */,
				0786E3061D2326FE000B2868 /* HomeView.swift in Sources */,
				07DB72201D230F9F00598823 /* Utils.swift in Sources */,
				07DB72291D231A7000598823 /* ChunkyButton.swift in Sources */,
			);
			runOnlyForDeploymentPostprocessing = 0;
		};
/* End PBXSourcesBuildPhase section */

/* Begin XCBuildConfiguration section */
		0761A1B31D22DAED001FAF1C /* Debug */ = {
			isa = XCBuildConfiguration;
			buildSettings = {
				ALWAYS_SEARCH_USER_PATHS = NO;
				CLANG_ANALYZER_NONNULL = YES;
				CLANG_CXX_LANGUAGE_STANDARD = "gnu++0x";
				CLANG_CXX_LIBRARY = "libc++";
				CLANG_ENABLE_MODULES = YES;
				CLANG_ENABLE_OBJC_ARC = YES;
				CLANG_WARN_BOOL_CONVERSION = YES;
				CLANG_WARN_CONSTANT_CONVERSION = YES;
				CLANG_WARN_DIRECT_OBJC_ISA_USAGE = YES_ERROR;
				CLANG_WARN_EMPTY_BODY = YES;
				CLANG_WARN_ENUM_CONVERSION = YES;
				CLANG_WARN_INT_CONVERSION = YES;
				CLANG_WARN_OBJC_ROOT_CLASS = YES_ERROR;
				CLANG_WARN_UNREACHABLE_CODE = YES;
				CLANG_WARN__DUPLICATE_METHOD_MATCH = YES;
				"CODE_SIGN_IDENTITY[sdk=iphoneos*]" = "iPhone Developer";
				COPY_PHASE_STRIP = NO;
				DEBUG_INFORMATION_FORMAT = dwarf;
				ENABLE_STRICT_OBJC_MSGSEND = YES;
				ENABLE_TESTABILITY = YES;
				GCC_C_LANGUAGE_STANDARD = gnu99;
				GCC_DYNAMIC_NO_PIC = NO;
				GCC_NO_COMMON_BLOCKS = YES;
				GCC_OPTIMIZATION_LEVEL = 0;
				GCC_PREPROCESSOR_DEFINITIONS = (
					"DEBUG=1",
					"$(inherited)",
				);
				GCC_WARN_64_TO_32_BIT_CONVERSION = YES;
				GCC_WARN_ABOUT_RETURN_TYPE = YES_ERROR;
				GCC_WARN_UNDECLARED_SELECTOR = YES;
				GCC_WARN_UNINITIALIZED_AUTOS = YES_AGGRESSIVE;
				GCC_WARN_UNUSED_FUNCTION = YES;
				GCC_WARN_UNUSED_VARIABLE = YES;
				IPHONEOS_DEPLOYMENT_TARGET = 9.3;
				MTL_ENABLE_DEBUG_INFO = YES;
				ONLY_ACTIVE_ARCH = YES;
				SDKROOT = iphoneos;
				SWIFT_OPTIMIZATION_LEVEL = "-Onone";
				TARGETED_DEVICE_FAMILY = "1,2";
			};
			name = Debug;
		};
		0761A1B41D22DAED001FAF1C /* Release */ = {
			isa = XCBuildConfiguration;
			buildSettings = {
				ALWAYS_SEARCH_USER_PATHS = NO;
				CLANG_ANALYZER_NONNULL = YES;
				CLANG_CXX_LANGUAGE_STANDARD = "gnu++0x";
				CLANG_CXX_LIBRARY = "libc++";
				CLANG_ENABLE_MODULES = YES;
				CLANG_ENABLE_OBJC_ARC = YES;
				CLANG_WARN_BOOL_CONVERSION = YES;
				CLANG_WARN_CONSTANT_CONVERSION = YES;
				CLANG_WARN_DIRECT_OBJC_ISA_USAGE = YES_ERROR;
				CLANG_WARN_EMPTY_BODY = YES;
				CLANG_WARN_ENUM_CONVERSION = YES;
				CLANG_WARN_INT_CONVERSION = YES;
				CLANG_WARN_OBJC_ROOT_CLASS = YES_ERROR;
				CLANG_WARN_UNREACHABLE_CODE = YES;
				CLANG_WARN__DUPLICATE_METHOD_MATCH = YES;
				"CODE_SIGN_IDENTITY[sdk=iphoneos*]" = "iPhone Developer";
				COPY_PHASE_STRIP = NO;
				DEBUG_INFORMATION_FORMAT = "dwarf-with-dsym";
				ENABLE_NS_ASSERTIONS = NO;
				ENABLE_STRICT_OBJC_MSGSEND = YES;
				GCC_C_LANGUAGE_STANDARD = gnu99;
				GCC_NO_COMMON_BLOCKS = YES;
				GCC_WARN_64_TO_32_BIT_CONVERSION = YES;
				GCC_WARN_ABOUT_RETURN_TYPE = YES_ERROR;
				GCC_WARN_UNDECLARED_SELECTOR = YES;
				GCC_WARN_UNINITIALIZED_AUTOS = YES_AGGRESSIVE;
				GCC_WARN_UNUSED_FUNCTION = YES;
				GCC_WARN_UNUSED_VARIABLE = YES;
				IPHONEOS_DEPLOYMENT_TARGET = 9.3;
				MTL_ENABLE_DEBUG_INFO = NO;
				SDKROOT = iphoneos;
				TARGETED_DEVICE_FAMILY = "1,2";
				VALIDATE_PRODUCT = YES;
			};
			name = Release;
		};
		0761A1B61D22DAED001FAF1C /* Debug */ = {
			isa = XCBuildConfiguration;
			buildSettings = {
				ASSETCATALOG_COMPILER_APPICON_NAME = AppIcon;
				CLANG_WARN_ASSIGN_ENUM = YES;
				CLANG_WARN_DEPRECATED_OBJC_IMPLEMENTATIONS = YES;
				CLANG_WARN_DOCUMENTATION_COMMENTS = YES;
				CLANG_WARN_IMPLICIT_SIGN_CONVERSION = YES;
				CLANG_WARN_NULLABLE_TO_NONNULL_CONVERSION = YES;
				CLANG_WARN_OBJC_IMPLICIT_ATOMIC_PROPERTIES = YES;
				CLANG_WARN_OBJC_MISSING_PROPERTY_SYNTHESIS = YES;
				CLANG_WARN_SUSPICIOUS_IMPLICIT_CONVERSION = YES;
				CODE_SIGN_IDENTITY = "iPhone Developer";
				CURRENT_PROJECT_VERSION = 32;
				FRAMEWORK_SEARCH_PATHS = (
					"$(inherited)",
					"$(PROJECT_DIR)/Carthage/Build/iOS",
					"$(PROJECT_DIR)/Vendor/HockeySDK-iOS/HockeySDK.embeddedframework",
				);
				GCC_TREAT_IMPLICIT_FUNCTION_DECLARATIONS_AS_ERRORS = YES;
				GCC_TREAT_INCOMPATIBLE_POINTER_TYPE_WARNINGS_AS_ERRORS = YES;
				GCC_TREAT_WARNINGS_AS_ERRORS = YES;
				GCC_WARN_ABOUT_MISSING_FIELD_INITIALIZERS = YES;
				GCC_WARN_ABOUT_MISSING_NEWLINE = YES;
				GCC_WARN_ABOUT_MISSING_PROTOTYPES = YES;
				GCC_WARN_FOUR_CHARACTER_CONSTANTS = YES;
				GCC_WARN_INITIALIZER_NOT_FULLY_BRACKETED = YES;
				GCC_WARN_PEDANTIC = YES;
				GCC_WARN_SHADOW = YES;
				GCC_WARN_SIGN_COMPARE = YES;
				GCC_WARN_STRICT_SELECTOR_MATCH = YES;
				GCC_WARN_UNKNOWN_PRAGMAS = YES;
				GCC_WARN_UNUSED_LABEL = YES;
				GCC_WARN_UNUSED_PARAMETER = YES;
				INFOPLIST_FILE = ThreeThings/Info.plist;
				IPHONEOS_DEPLOYMENT_TARGET = 9.3;
				LD_RUNPATH_SEARCH_PATHS = "$(inherited) @executable_path/Frameworks";
				PRODUCT_BUNDLE_IDENTIFIER = codes.hao.ThreeThings;
				PRODUCT_NAME = "$(TARGET_NAME)";
				SWIFT_OBJC_BRIDGING_HEADER = ThreeThings/Bridge.h;
			};
			name = Debug;
		};
		0761A1B71D22DAED001FAF1C /* Release */ = {
			isa = XCBuildConfiguration;
			buildSettings = {
				ASSETCATALOG_COMPILER_APPICON_NAME = AppIcon;
				CLANG_WARN_ASSIGN_ENUM = YES;
				CLANG_WARN_DEPRECATED_OBJC_IMPLEMENTATIONS = YES;
				CLANG_WARN_DOCUMENTATION_COMMENTS = YES;
				CLANG_WARN_IMPLICIT_SIGN_CONVERSION = YES;
				CLANG_WARN_NULLABLE_TO_NONNULL_CONVERSION = YES;
				CLANG_WARN_OBJC_IMPLICIT_ATOMIC_PROPERTIES = YES;
				CLANG_WARN_OBJC_MISSING_PROPERTY_SYNTHESIS = YES;
				CLANG_WARN_SUSPICIOUS_IMPLICIT_CONVERSION = YES;
				CODE_SIGN_IDENTITY = "iPhone Developer";
				CURRENT_PROJECT_VERSION = 32;
				FRAMEWORK_SEARCH_PATHS = (
					"$(inherited)",
					"$(PROJECT_DIR)/Carthage/Build/iOS",
					"$(PROJECT_DIR)/Vendor/HockeySDK-iOS/HockeySDK.embeddedframework",
				);
				GCC_TREAT_IMPLICIT_FUNCTION_DECLARATIONS_AS_ERRORS = YES;
				GCC_TREAT_INCOMPATIBLE_POINTER_TYPE_WARNINGS_AS_ERRORS = YES;
				GCC_TREAT_WARNINGS_AS_ERRORS = YES;
				GCC_WARN_ABOUT_MISSING_FIELD_INITIALIZERS = YES;
				GCC_WARN_ABOUT_MISSING_NEWLINE = YES;
				GCC_WARN_ABOUT_MISSING_PROTOTYPES = YES;
				GCC_WARN_FOUR_CHARACTER_CONSTANTS = YES;
				GCC_WARN_INITIALIZER_NOT_FULLY_BRACKETED = YES;
				GCC_WARN_PEDANTIC = YES;
				GCC_WARN_SHADOW = YES;
				GCC_WARN_SIGN_COMPARE = YES;
				GCC_WARN_STRICT_SELECTOR_MATCH = YES;
				GCC_WARN_UNKNOWN_PRAGMAS = YES;
				GCC_WARN_UNUSED_LABEL = YES;
				GCC_WARN_UNUSED_PARAMETER = YES;
				INFOPLIST_FILE = ThreeThings/Info.plist;
				IPHONEOS_DEPLOYMENT_TARGET = 9.3;
				LD_RUNPATH_SEARCH_PATHS = "$(inherited) @executable_path/Frameworks";
				PRODUCT_BUNDLE_IDENTIFIER = codes.hao.ThreeThings;
				PRODUCT_NAME = "$(TARGET_NAME)";
				SWIFT_OBJC_BRIDGING_HEADER = ThreeThings/Bridge.h;
			};
			name = Release;
		};
/* End XCBuildConfiguration section */

/* Begin XCConfigurationList section */
		0761A19E1D22DAED001FAF1C /* Build configuration list for PBXProject "ThreeThings" */ = {
			isa = XCConfigurationList;
			buildConfigurations = (
				0761A1B31D22DAED001FAF1C /* Debug */,
				0761A1B41D22DAED001FAF1C /* Release */,
			);
			defaultConfigurationIsVisible = 0;
			defaultConfigurationName = Release;
		};
		0761A1B51D22DAED001FAF1C /* Build configuration list for PBXNativeTarget "ThreeThings" */ = {
			isa = XCConfigurationList;
			buildConfigurations = (
				0761A1B61D22DAED001FAF1C /* Debug */,
				0761A1B71D22DAED001FAF1C /* Release */,
			);
			defaultConfigurationIsVisible = 0;
			defaultConfigurationName = Release;
		};
/* End XCConfigurationList section */
	};
	rootObject = 0761A19B1D22DAED001FAF1C /* Project object */;
}
